
Microsoft Visual Studio Solution File, Format Version 12.00
# Visual Studio Version 17
VisualStudioVersion = 17.5.002.0
MinimumVisualStudioVersion = 10.0.40219.1
Project("{9A19103F-16F7-4668-BE54-9A1E7A4F7556}") = "projeto_filmscore", "projeto_filmscore.csproj", "{C8F24477-7DB7-4EB5-838B-FF3D6C8F4146}"
EndProject
Global
	GlobalSection(SolutionConfigurationPlatforms) = preSolution
		Debug|Any CPU = Debug|Any CPU
		Release|Any CPU = Release|Any CPU
	EndGlobalSection
	GlobalSection(ProjectConfigurationPlatforms) = postSolution
		{C8F24477-7DB7-4EB5-838B-FF3D6C8F4146}.Debug|Any CPU.ActiveCfg = Debug|Any CPU
		{C8F24477-7DB7-4EB5-838B-FF3D6C8F4146}.Debug|Any CPU.Build.0 = Debug|Any CPU
		{C8F24477-7DB7-4EB5-838B-FF3D6C8F4146}.Release|Any CPU.ActiveCfg = Release|Any CPU
		{C8F24477-7DB7-4EB5-838B-FF3D6C8F4146}.Release|Any CPU.Build.0 = Release|Any CPU
	EndGlobalSection
	GlobalSection(SolutionProperties) = preSolution
		HideSolutionNode = FALSE
	EndGlobalSection
	GlobalSection(ExtensibilityGlobals) = postSolution
		SolutionGuid = {FEAF6CA5-E0DB-4053-B9D8-1715A14EB6D1}
	EndGlobalSection
EndGlobal
